
Microsoft Visual Studio Solution File, Format Version 12.00
# Visual Studio Version 16
VisualStudioVersion = 16.0.29806.167
MinimumVisualStudioVersion = 10.0.40219.1
Project("{FAE04EC0-301F-11D3-BF4B-00C04F79EFBC}") = "D1", "D1\D1.csproj", "{4C16263B-4D9F-4FDB-8E3E-9FB915720C35}"
EndProject
Project("{FAE04EC0-301F-11D3-BF4B-00C04F79EFBC}") = "D2", "D2\D2.csproj", "{4A497DC0-8B2F-4CDC-8ABF-F00B6E39641A}"
EndProject
Project("{FAE04EC0-301F-11D3-BF4B-00C04F79EFBC}") = "D2HW", "D2HW\D2HW.csproj", "{0162B995-5497-4C18-8F43-E5116953D5EE}"
EndProject
Project("{FAE04EC0-301F-11D3-BF4B-00C04F79EFBC}") = "D3", "D3\D3.csproj", "{3AB98AA7-28E6-4696-A33E-13EFB68E0288}"
EndProject
Project("{FAE04EC0-301F-11D3-BF4B-00C04F79EFBC}") = "IW", "IW\IW.csproj", "{9A8515FE-FBC7-4985-8119-64964EE84CBD}"
EndProject
Project("{FAE04EC0-301F-11D3-BF4B-00C04F79EFBC}") = "D5", "D5\D5.csproj", "{D1E5CBDC-AF07-4E6F-A40A-E2020B57E3D5}"
EndProject
Project("{FAE04EC0-301F-11D3-BF4B-00C04F79EFBC}") = "D6", "D6\D6.csproj", "{C733DB68-4B71-4BDE-A756-677832A379D3}"
EndProject
Project("{FAE04EC0-301F-11D3-BF4B-00C04F79EFBC}") = "P2", "P2\P2.csproj", "{C7B8EC2D-17B9-4EBF-B2DA-86AA3B3B9E5F}"
EndProject
Project("{FAE04EC0-301F-11D3-BF4B-00C04F79EFBC}") = "TodoApp", "TodoApp\TodoApp.csproj", "{6E78F182-41CC-433A-86BB-6AB83D82668D}"
EndProject
Project("{FAE04EC0-301F-11D3-BF4B-00C04F79EFBC}") = "Bank", "Bank\Bank.csproj", "{63673959-F554-4079-9A88-5E793537223D}"
EndProject
Project("{FAE04EC0-301F-11D3-BF4B-00C04F79EFBC}") = "Organisation", "Organisation\Organisation.csproj", "{B0D0186A-25F1-4E8B-B060-4D960044D96F}"
EndProject
Project("{FAE04EC0-301F-11D3-BF4B-00C04F79EFBC}") = "NumberGuessing", "NumberGuessing\NumberGuessing.csproj", "{7C73C3E8-0E84-4617-8275-5D229399C96E}"
EndProject
Project("{FAE04EC0-301F-11D3-BF4B-00C04F79EFBC}") = "Hangman", "Hangman\Hangman.csproj", "{D7B158C5-4E5C-468E-AFCF-8E131024AAF8}"
EndProject
Project("{FAE04EC0-301F-11D3-BF4B-00C04F79EFBC}") = "HW3Task1", "HW3Task1\HW3Task1.csproj", "{44DE96D6-8BA2-4B9C-A48F-548D731BB5AE}"
EndProject
Project("{FAE04EC0-301F-11D3-BF4B-00C04F79EFBC}") = "HW3Task2", "HW3Task2\HW3Task2.csproj", "{9DB14916-F8A1-475B-A3A2-CB6214A9E7CB}"
EndProject
Project("{FAE04EC0-301F-11D3-BF4B-00C04F79EFBC}") = "HW3Task3", "HW3Task3\HW3Task3.csproj", "{EB4F65AA-665B-4107-A4CD-1B466F314031}"
EndProject
Project("{FAE04EC0-301F-11D3-BF4B-00C04F79EFBC}") = "HW3Task4", "HW3Task4\HW3Task4.csproj", "{3EB15747-4B3F-4699-B1C5-2758C13F0F01}"
EndProject
Project("{FAE04EC0-301F-11D3-BF4B-00C04F79EFBC}") = "HW3Task5", "HW3Task5\HW3Task5.csproj", "{B6CCE9F6-48D0-4D93-9FB6-4E681E6914B9}"
EndProject
Project("{FAE04EC0-301F-11D3-BF4B-00C04F79EFBC}") = "HW3", "HW3\HW3.csproj", "{433D5B42-3037-4ED7-B4A0-5F92FFA8C1B7}"
EndProject
Project("{FAE04EC0-301F-11D3-BF4B-00C04F79EFBC}") = "Abstraction", "Abstraction\Abstraction.csproj", "{48595BF9-1D1A-4D2B-89F9-5E7368BC63A6}"
EndProject
Project("{FAE04EC0-301F-11D3-BF4B-00C04F79EFBC}") = "AbstractionHW", "AbstractionHW\AbstractionHW.csproj", "{123E07E2-9C6A-4C3A-B6A2-7622D459699F}"
EndProject
Project("{FAE04EC0-301F-11D3-BF4B-00C04F79EFBC}") = "Blackjack", "Blackjack\Blackjack.csproj", "{015979DD-A2F4-41CD-9518-6A21284130CE}"
EndProject
Project("{FAE04EC0-301F-11D3-BF4B-00C04F79EFBC}") = "BicycleRental", "BicycleRental\BicycleRental.csproj", "{757DBE44-DB38-4B4C-B736-1CB26BEA4C3C}"
EndProject
Project("{FAE04EC0-301F-11D3-BF4B-00C04F79EFBC}") = "Library", "Library\Library.csproj", "{D81D88CB-25DE-4BEC-A85B-8FB90D0CF007}"
EndProject
Project("{FAE04EC0-301F-11D3-BF4B-00C04F79EFBC}") = "BikeRental", "BikeRental\BikeRental.csproj", "{B285BAC6-CC22-48D9-A421-7026B0A82DDB}"
EndProject
Project("{2150E333-8FDC-42A3-9474-1A3956D46DE8}") = "HTML", "HTML", "{5312848F-3CA3-443D-84FE-6F62F506B72D}"
	ProjectSection(SolutionItems) = preProject
		sample.css = sample.css
		sample.html = sample.html
		task2.css = task2.css
		task2.html = task2.html
	EndProjectSection
EndProject
Global
	GlobalSection(SolutionConfigurationPlatforms) = preSolution
		Debug|Any CPU = Debug|Any CPU
		Release|Any CPU = Release|Any CPU
	EndGlobalSection
	GlobalSection(ProjectConfigurationPlatforms) = postSolution
		{4C16263B-4D9F-4FDB-8E3E-9FB915720C35}.Debug|Any CPU.ActiveCfg = Debug|Any CPU
		{4C16263B-4D9F-4FDB-8E3E-9FB915720C35}.Debug|Any CPU.Build.0 = Debug|Any CPU
		{4C16263B-4D9F-4FDB-8E3E-9FB915720C35}.Release|Any CPU.ActiveCfg = Release|Any CPU
		{4C16263B-4D9F-4FDB-8E3E-9FB915720C35}.Release|Any CPU.Build.0 = Release|Any CPU
		{4A497DC0-8B2F-4CDC-8ABF-F00B6E39641A}.Debug|Any CPU.ActiveCfg = Debug|Any CPU
		{4A497DC0-8B2F-4CDC-8ABF-F00B6E39641A}.Debug|Any CPU.Build.0 = Debug|Any CPU
		{4A497DC0-8B2F-4CDC-8ABF-F00B6E39641A}.Release|Any CPU.ActiveCfg = Release|Any CPU
		{4A497DC0-8B2F-4CDC-8ABF-F00B6E39641A}.Release|Any CPU.Build.0 = Release|Any CPU
		{0162B995-5497-4C18-8F43-E5116953D5EE}.Debug|Any CPU.ActiveCfg = Debug|Any CPU
		{0162B995-5497-4C18-8F43-E5116953D5EE}.Debug|Any CPU.Build.0 = Debug|Any CPU
		{0162B995-5497-4C18-8F43-E5116953D5EE}.Release|Any CPU.ActiveCfg = Release|Any CPU
		{0162B995-5497-4C18-8F43-E5116953D5EE}.Release|Any CPU.Build.0 = Release|Any CPU
		{3AB98AA7-28E6-4696-A33E-13EFB68E0288}.Debug|Any CPU.ActiveCfg = Debug|Any CPU
		{3AB98AA7-28E6-4696-A33E-13EFB68E0288}.Debug|Any CPU.Build.0 = Debug|Any CPU
		{3AB98AA7-28E6-4696-A33E-13EFB68E0288}.Release|Any CPU.ActiveCfg = Release|Any CPU
		{3AB98AA7-28E6-4696-A33E-13EFB68E0288}.Release|Any CPU.Build.0 = Release|Any CPU
		{9A8515FE-FBC7-4985-8119-64964EE84CBD}.Debug|Any CPU.ActiveCfg = Debug|Any CPU
		{9A8515FE-FBC7-4985-8119-64964EE84CBD}.Debug|Any CPU.Build.0 = Debug|Any CPU
		{9A8515FE-FBC7-4985-8119-64964EE84CBD}.Release|Any CPU.ActiveCfg = Release|Any CPU
		{9A8515FE-FBC7-4985-8119-64964EE84CBD}.Release|Any CPU.Build.0 = Release|Any CPU
		{D1E5CBDC-AF07-4E6F-A40A-E2020B57E3D5}.Debug|Any CPU.ActiveCfg = Debug|Any CPU
		{D1E5CBDC-AF07-4E6F-A40A-E2020B57E3D5}.Debug|Any CPU.Build.0 = Debug|Any CPU
		{D1E5CBDC-AF07-4E6F-A40A-E2020B57E3D5}.Release|Any CPU.ActiveCfg = Release|Any CPU
		{D1E5CBDC-AF07-4E6F-A40A-E2020B57E3D5}.Release|Any CPU.Build.0 = Release|Any CPU
		{C733DB68-4B71-4BDE-A756-677832A379D3}.Debug|Any CPU.ActiveCfg = Debug|Any CPU
		{C733DB68-4B71-4BDE-A756-677832A379D3}.Debug|Any CPU.Build.0 = Debug|Any CPU
		{C733DB68-4B71-4BDE-A756-677832A379D3}.Release|Any CPU.ActiveCfg = Release|Any CPU
		{C733DB68-4B71-4BDE-A756-677832A379D3}.Release|Any CPU.Build.0 = Release|Any CPU
		{C7B8EC2D-17B9-4EBF-B2DA-86AA3B3B9E5F}.Debug|Any CPU.ActiveCfg = Debug|Any CPU
		{C7B8EC2D-17B9-4EBF-B2DA-86AA3B3B9E5F}.Debug|Any CPU.Build.0 = Debug|Any CPU
		{C7B8EC2D-17B9-4EBF-B2DA-86AA3B3B9E5F}.Release|Any CPU.ActiveCfg = Release|Any CPU
		{C7B8EC2D-17B9-4EBF-B2DA-86AA3B3B9E5F}.Release|Any CPU.Build.0 = Release|Any CPU
		{6E78F182-41CC-433A-86BB-6AB83D82668D}.Debug|Any CPU.ActiveCfg = Debug|Any CPU
		{6E78F182-41CC-433A-86BB-6AB83D82668D}.Debug|Any CPU.Build.0 = Debug|Any CPU
		{6E78F182-41CC-433A-86BB-6AB83D82668D}.Release|Any CPU.ActiveCfg = Release|Any CPU
		{6E78F182-41CC-433A-86BB-6AB83D82668D}.Release|Any CPU.Build.0 = Release|Any CPU
		{63673959-F554-4079-9A88-5E793537223D}.Debug|Any CPU.ActiveCfg = Debug|Any CPU
		{63673959-F554-4079-9A88-5E793537223D}.Debug|Any CPU.Build.0 = Debug|Any CPU
		{63673959-F554-4079-9A88-5E793537223D}.Release|Any CPU.ActiveCfg = Release|Any CPU
		{63673959-F554-4079-9A88-5E793537223D}.Release|Any CPU.Build.0 = Release|Any CPU
		{B0D0186A-25F1-4E8B-B060-4D960044D96F}.Debug|Any CPU.ActiveCfg = Debug|Any CPU
		{B0D0186A-25F1-4E8B-B060-4D960044D96F}.Debug|Any CPU.Build.0 = Debug|Any CPU
		{B0D0186A-25F1-4E8B-B060-4D960044D96F}.Release|Any CPU.ActiveCfg = Release|Any CPU
		{B0D0186A-25F1-4E8B-B060-4D960044D96F}.Release|Any CPU.Build.0 = Release|Any CPU
		{7C73C3E8-0E84-4617-8275-5D229399C96E}.Debug|Any CPU.ActiveCfg = Debug|Any CPU
		{7C73C3E8-0E84-4617-8275-5D229399C96E}.Debug|Any CPU.Build.0 = Debug|Any CPU
		{7C73C3E8-0E84-4617-8275-5D229399C96E}.Release|Any CPU.ActiveCfg = Release|Any CPU
		{7C73C3E8-0E84-4617-8275-5D229399C96E}.Release|Any CPU.Build.0 = Release|Any CPU
		{D7B158C5-4E5C-468E-AFCF-8E131024AAF8}.Debug|Any CPU.ActiveCfg = Debug|Any CPU
		{D7B158C5-4E5C-468E-AFCF-8E131024AAF8}.Debug|Any CPU.Build.0 = Debug|Any CPU
		{D7B158C5-4E5C-468E-AFCF-8E131024AAF8}.Release|Any CPU.ActiveCfg = Release|Any CPU
		{D7B158C5-4E5C-468E-AFCF-8E131024AAF8}.Release|Any CPU.Build.0 = Release|Any CPU
		{44DE96D6-8BA2-4B9C-A48F-548D731BB5AE}.Debug|Any CPU.ActiveCfg = Debug|Any CPU
		{44DE96D6-8BA2-4B9C-A48F-548D731BB5AE}.Debug|Any CPU.Build.0 = Debug|Any CPU
		{44DE96D6-8BA2-4B9C-A48F-548D731BB5AE}.Release|Any CPU.ActiveCfg = Release|Any CPU
		{44DE96D6-8BA2-4B9C-A48F-548D731BB5AE}.Release|Any CPU.Build.0 = Release|Any CPU
		{9DB14916-F8A1-475B-A3A2-CB6214A9E7CB}.Debug|Any CPU.ActiveCfg = Debug|Any CPU
		{9DB14916-F8A1-475B-A3A2-CB6214A9E7CB}.Debug|Any CPU.Build.0 = Debug|Any CPU
		{9DB14916-F8A1-475B-A3A2-CB6214A9E7CB}.Release|Any CPU.ActiveCfg = Release|Any CPU
		{9DB14916-F8A1-475B-A3A2-CB6214A9E7CB}.Release|Any CPU.Build.0 = Release|Any CPU
		{EB4F65AA-665B-4107-A4CD-1B466F314031}.Debug|Any CPU.ActiveCfg = Debug|Any CPU
		{EB4F65AA-665B-4107-A4CD-1B466F314031}.Debug|Any CPU.Build.0 = Debug|Any CPU
		{EB4F65AA-665B-4107-A4CD-1B466F314031}.Release|Any CPU.ActiveCfg = Release|Any CPU
		{EB4F65AA-665B-4107-A4CD-1B466F314031}.Release|Any CPU.Build.0 = Release|Any CPU
		{3EB15747-4B3F-4699-B1C5-2758C13F0F01}.Debug|Any CPU.ActiveCfg = Debug|Any CPU
		{3EB15747-4B3F-4699-B1C5-2758C13F0F01}.Debug|Any CPU.Build.0 = Debug|Any CPU
		{3EB15747-4B3F-4699-B1C5-2758C13F0F01}.Release|Any CPU.ActiveCfg = Release|Any CPU
		{3EB15747-4B3F-4699-B1C5-2758C13F0F01}.Release|Any CPU.Build.0 = Release|Any CPU
		{B6CCE9F6-48D0-4D93-9FB6-4E681E6914B9}.Debug|Any CPU.ActiveCfg = Debug|Any CPU
		{B6CCE9F6-48D0-4D93-9FB6-4E681E6914B9}.Debug|Any CPU.Build.0 = Debug|Any CPU
		{B6CCE9F6-48D0-4D93-9FB6-4E681E6914B9}.Release|Any CPU.ActiveCfg = Release|Any CPU
		{B6CCE9F6-48D0-4D93-9FB6-4E681E6914B9}.Release|Any CPU.Build.0 = Release|Any CPU
		{433D5B42-3037-4ED7-B4A0-5F92FFA8C1B7}.Debug|Any CPU.ActiveCfg = Debug|Any CPU
		{433D5B42-3037-4ED7-B4A0-5F92FFA8C1B7}.Debug|Any CPU.Build.0 = Debug|Any CPU
		{433D5B42-3037-4ED7-B4A0-5F92FFA8C1B7}.Release|Any CPU.ActiveCfg = Release|Any CPU
		{433D5B42-3037-4ED7-B4A0-5F92FFA8C1B7}.Release|Any CPU.Build.0 = Release|Any CPU
		{48595BF9-1D1A-4D2B-89F9-5E7368BC63A6}.Debug|Any CPU.ActiveCfg = Debug|Any CPU
		{48595BF9-1D1A-4D2B-89F9-5E7368BC63A6}.Debug|Any CPU.Build.0 = Debug|Any CPU
		{48595BF9-1D1A-4D2B-89F9-5E7368BC63A6}.Release|Any CPU.ActiveCfg = Release|Any CPU
		{48595BF9-1D1A-4D2B-89F9-5E7368BC63A6}.Release|Any CPU.Build.0 = Release|Any CPU
		{123E07E2-9C6A-4C3A-B6A2-7622D459699F}.Debug|Any CPU.ActiveCfg = Debug|Any CPU
		{123E07E2-9C6A-4C3A-B6A2-7622D459699F}.Debug|Any CPU.Build.0 = Debug|Any CPU
		{123E07E2-9C6A-4C3A-B6A2-7622D459699F}.Release|Any CPU.ActiveCfg = Release|Any CPU
		{123E07E2-9C6A-4C3A-B6A2-7622D459699F}.Release|Any CPU.Build.0 = Release|Any CPU
		{015979DD-A2F4-41CD-9518-6A21284130CE}.Debug|Any CPU.ActiveCfg = Debug|Any CPU
		{015979DD-A2F4-41CD-9518-6A21284130CE}.Debug|Any CPU.Build.0 = Debug|Any CPU
		{015979DD-A2F4-41CD-9518-6A21284130CE}.Release|Any CPU.ActiveCfg = Release|Any CPU
		{015979DD-A2F4-41CD-9518-6A21284130CE}.Release|Any CPU.Build.0 = Release|Any CPU
		{757DBE44-DB38-4B4C-B736-1CB26BEA4C3C}.Debug|Any CPU.ActiveCfg = Debug|Any CPU
		{757DBE44-DB38-4B4C-B736-1CB26BEA4C3C}.Debug|Any CPU.Build.0 = Debug|Any CPU
		{757DBE44-DB38-4B4C-B736-1CB26BEA4C3C}.Release|Any CPU.ActiveCfg = Release|Any CPU
		{757DBE44-DB38-4B4C-B736-1CB26BEA4C3C}.Release|Any CPU.Build.0 = Release|Any CPU
		{D81D88CB-25DE-4BEC-A85B-8FB90D0CF007}.Debug|Any CPU.ActiveCfg = Debug|Any CPU
		{D81D88CB-25DE-4BEC-A85B-8FB90D0CF007}.Debug|Any CPU.Build.0 = Debug|Any CPU
		{D81D88CB-25DE-4BEC-A85B-8FB90D0CF007}.Release|Any CPU.ActiveCfg = Release|Any CPU
		{D81D88CB-25DE-4BEC-A85B-8FB90D0CF007}.Release|Any CPU.Build.0 = Release|Any CPU
		{B285BAC6-CC22-48D9-A421-7026B0A82DDB}.Debug|Any CPU.ActiveCfg = Debug|Any CPU
		{B285BAC6-CC22-48D9-A421-7026B0A82DDB}.Debug|Any CPU.Build.0 = Debug|Any CPU
		{B285BAC6-CC22-48D9-A421-7026B0A82DDB}.Release|Any CPU.ActiveCfg = Release|Any CPU
		{B285BAC6-CC22-48D9-A421-7026B0A82DDB}.Release|Any CPU.Build.0 = Release|Any CPU
	EndGlobalSection
	GlobalSection(SolutionProperties) = preSolution
		HideSolutionNode = FALSE
	EndGlobalSection
	GlobalSection(ExtensibilityGlobals) = postSolution
		SolutionGuid = {70349F63-989C-4B06-B76B-CB520EE42154}
	EndGlobalSection
EndGlobal
